# THIS IS AN AUTOGENERATED FILE. DO NOT EDIT THIS FILE DIRECTLY.
# yarn lockfile v1


"@babel/runtime@^7.17.2", "@babel/runtime@^7.5.5", "@babel/runtime@^7.8.7":
  version "7.17.8"
  resolved "https://registry.yarnpkg.com/@babel/runtime/-/runtime-7.17.8.tgz#3e56e4aff81befa55ac3ac6a0967349fd1c5bca2"
  integrity sha512-dQpEpK0O9o6lj6oPu0gRDbbnk+4LeHlNcBpspf6Olzt3GIX4P1lWF1gS+pHLDFlaJvbR6q7jCfQ08zA4QJBnmA==
  dependencies:
    regenerator-runtime "^0.13.4"

"@emotion/is-prop-valid@^1.1.2":
  version "1.1.2"
  resolved "https://registry.yarnpkg.com/@emotion/is-prop-valid/-/is-prop-valid-1.1.2.tgz#34ad6e98e871aa6f7a20469b602911b8b11b3a95"
  integrity sha512-3QnhqeL+WW88YjYbQL5gUIkthuMw7a0NGbZ7wfFVk2kg/CK5w8w5FFa0RzWjyY1+sujN0NWbtSHH6OJmWHtJpQ==
  dependencies:
    "@emotion/memoize" "^0.7.4"

"@emotion/memoize@^0.7.4":
  version "0.7.5"
  resolved "https://registry.yarnpkg.com/@emotion/memoize/-/memoize-0.7.5.tgz#2c40f81449a4e554e9fc6396910ed4843ec2be50"
  integrity sha512-igX9a37DR2ZPGYtV6suZ6whr8pTFtyHL3K/oLUotxpSVO2ASaprmAe2Dkq7tBo7CRY7MMDrAa9nuQP9/YG8FxQ==

"@fontsource/roboto@^4.5.5":
  version "4.5.5"
  resolved "https://registry.yarnpkg.com/@fontsource/roboto/-/roboto-4.5.5.tgz#4ecc38e690469378e2ec2a97f9c12282c654cc93"
  integrity sha512-Pe1p+gAO6K0aLxBXlLoJRHVx352tVc/v/7DOnvM3t+FYXb+KUga9aCD1NpnDfd0kKnWXqrZyAXguyyFWDDuphw==

"@mui/base@5.0.0-alpha.74":
  version "5.0.0-alpha.74"
  resolved "https://registry.yarnpkg.com/@mui/base/-/base-5.0.0-alpha.74.tgz#15509242e7911446d5957375b1b18cbb72b3a750"
  integrity sha512-pw3T1xNXpW8pLo9+BvtyazZb0CSjNJsjbzznlbV/aNkBfjNPXQVI3X1NDm3WSI8y6M96WDIVO7XrHAohOwALSQ==
  dependencies:
    "@babel/runtime" "^7.17.2"
    "@emotion/is-prop-valid" "^1.1.2"
    "@mui/types" "^7.1.3"
    "@mui/utils" "^5.5.3"
    "@popperjs/core" "^2.11.4"
    clsx "^1.1.1"
    prop-types "^15.7.2"
    react-is "^17.0.2"

"@mui/material@^5.5.3":
  version "5.5.3"
  resolved "https://registry.yarnpkg.com/@mui/material/-/material-5.5.3.tgz#411e53a69da3f9d6664e99f1bdcdaf2760540fdc"
  integrity sha512-eADa3kUYbbr1jNjcufn0a7HeU8cSo0agbrkj720hodxVFNIfzq7a2e58Z+PaZqll55kMGBvlYJ7rTcXU399x5A==
  dependencies:
    "@babel/runtime" "^7.17.2"
    "@mui/base" "5.0.0-alpha.74"
    "@mui/system" "^5.5.3"
    "@mui/types" "^7.1.3"
    "@mui/utils" "^5.5.3"
    "@types/react-transition-group" "^4.4.4"
    clsx "^1.1.1"
    csstype "^3.0.11"
    hoist-non-react-statics "^3.3.2"
    prop-types "^15.7.2"
    react-is "^17.0.2"
    react-transition-group "^4.4.2"

"@mui/private-theming@^5.5.3":
  version "5.5.3"
  resolved "https://registry.yarnpkg.com/@mui/private-theming/-/private-theming-5.5.3.tgz#c232a39dd3c268fdef7e92ccc40d51bda9eec3ab"
  integrity sha512-Wf7NurY7lk8SBWelSBY2U02zxLt1773JpIcXTHuEC9/GZdQA4CXCJGl2cVQzheKhee5rZ+8JwGulrRiVl1m+4A==
  dependencies:
    "@babel/runtime" "^7.17.2"
    "@mui/utils" "^5.5.3"
    prop-types "^15.7.2"

"@mui/styled-engine@^5.5.2", "@mui/styled-engine@npm:@mui/styled-engine-sc@latest":
  version "5.5.2"
  resolved "https://registry.yarnpkg.com/@mui/styled-engine-sc/-/styled-engine-sc-5.5.2.tgz#d35d3b226f79d051181bf098276a90ba718e474d"
  integrity sha512-mFIaowtodHmrm4tLWJEWYxthQ4O9JxsN54u06kuf0DGYF08qPz2B9fQHN4Kwf0YM7F/bLkrGUYiF+/7TUk0LYA==
  dependencies:
    prop-types "^15.7.2"

"@mui/system@^5.5.3":
  version "5.5.3"
  resolved "https://registry.yarnpkg.com/@mui/system/-/system-5.5.3.tgz#c78d4c16009430389ffd3495d694945422d72ca5"
  integrity sha512-J9JcySJuEqfEoP334K/2gEWm2vOx73Uqjii3qlFVhWRBOAJ0Pjyk0sN5W/eVRbwhUm95DNgh2V5s8dRK3vzyVw==
  dependencies:
    "@babel/runtime" "^7.17.2"
    "@mui/private-theming" "^5.5.3"
    "@mui/styled-engine" "^5.5.2"
    "@mui/types" "^7.1.3"
    "@mui/utils" "^5.5.3"
    clsx "^1.1.1"
    csstype "^3.0.11"
    prop-types "^15.7.2"

"@mui/types@^7.1.3":
  version "7.1.3"
  resolved "https://registry.yarnpkg.com/@mui/types/-/types-7.1.3.tgz#d7636f3046110bcccc63e6acfd100e2ad9ca712a"
  integrity sha512-DDF0UhMBo4Uezlk+6QxrlDbchF79XG6Zs0zIewlR4c0Dt6GKVFfUtzPtHCH1tTbcSlq/L2bGEdiaoHBJ9Y1gSA==

"@mui/utils@^5.5.3":
  version "5.5.3"
  resolved "https://registry.yarnpkg.com/@mui/utils/-/utils-5.5.3.tgz#f6e1f10c0e8f4d0bf750588c2c3a96ad819c5b65"
  integrity sha512-t627eVRpl3SlxVya0cIVNs8jPl4KCEiGaTSWY9iKKTcMNaeDbuRML+zv/CFHDPr1zFv+FjJSP02ySB+tZ8xIag==
  dependencies:
    "@babel/runtime" "^7.17.2"
    "@types/prop-types" "^15.7.4"
    "@types/react-is" "^16.7.1 || ^17.0.0"
    prop-types "^15.7.2"
    react-is "^17.0.2"

"@popperjs/core@^2.11.4":
  version "2.11.4"
  resolved "https://registry.yarnpkg.com/@popperjs/core/-/core-2.11.4.tgz#d8c7b8db9226d2d7664553a0741ad7d0397ee503"
  integrity sha512-q/ytXxO5NKvyT37pmisQAItCFqA7FD/vNb8dgaJy3/630Fsc+Mz9/9f2SziBoIZ30TJooXyTwZmhi1zjXmObYg==

"@types/prop-types@*", "@types/prop-types@^15.7.4":
  version "15.7.4"
  resolved "https://registry.yarnpkg.com/@types/prop-types/-/prop-types-15.7.4.tgz#fcf7205c25dff795ee79af1e30da2c9790808f11"
  integrity sha512-rZ5drC/jWjrArrS8BR6SIr4cWpW09RNTYt9AMZo3Jwwif+iacXAqgVjm0B0Bv/S1jhDXKHqRVNCbACkJ89RAnQ==

"@types/react-is@^16.7.1 || ^17.0.0":
  version "17.0.3"
  resolved "https://registry.yarnpkg.com/@types/react-is/-/react-is-17.0.3.tgz#2d855ba575f2fc8d17ef9861f084acc4b90a137a"
  integrity sha512-aBTIWg1emtu95bLTLx0cpkxwGW3ueZv71nE2YFBpL8k/z5czEW8yYpOo8Dp+UUAFAtKwNaOsh/ioSeQnWlZcfw==
  dependencies:
    "@types/react" "*"

"@types/react-transition-group@^4.4.4":
  version "4.4.4"
  resolved "https://registry.yarnpkg.com/@types/react-transition-group/-/react-transition-group-4.4.4.tgz#acd4cceaa2be6b757db61ed7b432e103242d163e"
  integrity sha512-7gAPz7anVK5xzbeQW9wFBDg7G++aPLAFY0QaSMOou9rJZpbuI58WAuJrgu+qR92l61grlnCUe7AFX8KGahAgug==
  dependencies:
    "@types/react" "*"

"@types/react@*":
  version "17.0.43"
  resolved "https://registry.yarnpkg.com/@types/react/-/react-17.0.43.tgz#4adc142887dd4a2601ce730bc56c3436fdb07a55"
  integrity sha512-8Q+LNpdxf057brvPu1lMtC5Vn7J119xrP1aq4qiaefNioQUYANF/CYeK4NsKorSZyUGJ66g0IM+4bbjwx45o2A==
  dependencies:
    "@types/prop-types" "*"
    "@types/scheduler" "*"
    csstype "^3.0.2"

"@types/scheduler@*":
  version "0.16.2"
  resolved "https://registry.yarnpkg.com/@types/scheduler/-/scheduler-0.16.2.tgz#1a62f89525723dde24ba1b01b092bf5df8ad4d39"
  integrity sha512-hppQEBDmlwhFAXKJX2KnWLYu5yMfi91yazPb2l+lbJiwW+wdo1gNeRA+3RgNSO39WYX2euey41KEwnqesU2Jew==

clsx@^1.1.1:
  version "1.1.1"
  resolved "https://registry.yarnpkg.com/clsx/-/clsx-1.1.1.tgz#98b3134f9abbdf23b2663491ace13c5c03a73188"
  integrity sha512-6/bPho624p3S2pMyvP5kKBPXnI3ufHLObBFCfgx+LkeR5lg2XYy2hqZqUf45ypD8COn2bhgGJSUE+l5dhNBieA==

csstype@^3.0.11, csstype@^3.0.2:
  version "3.0.11"
  resolved "https://registry.yarnpkg.com/csstype/-/csstype-3.0.11.tgz#d66700c5eacfac1940deb4e3ee5642792d85cd33"
  integrity sha512-sa6P2wJ+CAbgyy4KFssIb/JNMLxFvKF1pCYCSXS8ZMuqZnMsrxqI2E5sPyoTpxoPU/gVZMzr2zjOfg8GIZOMsw==

dom-helpers@^5.0.1:
  version "5.2.1"
  resolved "https://registry.yarnpkg.com/dom-helpers/-/dom-helpers-5.2.1.tgz#d9400536b2bf8225ad98fe052e029451ac40e902"
  integrity sha512-nRCa7CK3VTrM2NmGkIy4cbK7IZlgBE/PYMn55rrXefr5xXDP0LdtfPnblFDoVdcAfslJ7or6iqAUnx0CCGIWQA==
  dependencies:
    "@babel/runtime" "^7.8.7"
    csstype "^3.0.2"

hoist-non-react-statics@^3.3.2:
  version "3.3.2"
  resolved "https://registry.yarnpkg.com/hoist-non-react-statics/-/hoist-non-react-statics-3.3.2.tgz#ece0acaf71d62c2969c2ec59feff42a4b1a85b45"
  integrity sha512-/gGivxi8JPKWNm/W0jSmzcMPpfpPLc3dY/6GxhX2hQ9iGj3aDfklV4ET7NjKpSinLpJ5vafa9iiGIEZg10SfBw==
  dependencies:
    react-is "^16.7.0"

"js-tokens@^3.0.0 || ^4.0.0":
  version "4.0.0"
  resolved "https://registry.yarnpkg.com/js-tokens/-/js-tokens-4.0.0.tgz#19203fb59991df98e3a287050d4647cdeaf32499"
  integrity sha512-RdJUflcE3cUzKiMqQgsCu06FPu9UdIJO0beYbPhHN4k6apgJtifcoCtT9bcxOpYBtpD2kCM6Sbzg4CausW/PKQ==

loose-envify@^1.4.0:
  version "1.4.0"
  resolved "https://registry.yarnpkg.com/loose-envify/-/loose-envify-1.4.0.tgz#71ee51fa7be4caec1a63839f7e682d8132d30caf"
  integrity sha512-lyuxPGr/Wfhrlem2CL/UcnUc1zcqKAImBDzukY7Y5F/yQiNdko6+fRLevlw1HgMySw7f611UIY408EtxRSoK3Q==
  dependencies:
    js-tokens "^3.0.0 || ^4.0.0"

object-assign@^4.1.1:
  version "4.1.1"
  resolved "https://registry.yarnpkg.com/object-assign/-/object-assign-4.1.1.tgz#2109adc7965887cfc05cbbd442cac8bfbb360863"
  integrity sha1-IQmtx5ZYh8/AXLvUQsrIv7s2CGM=

prop-types@^15.6.2, prop-types@^15.7.2:
  version "15.8.1"
  resolved "https://registry.yarnpkg.com/prop-types/-/prop-types-15.8.1.tgz#67d87bf1a694f48435cf332c24af10214a3140b5"
  integrity sha512-oj87CgZICdulUohogVAR7AjlC0327U4el4L6eAvOqCeudMDVU0NThNaV+b9Df4dXgSP1gXMTnPdhfe/2qDH5cg==
  dependencies:
    loose-envify "^1.4.0"
    object-assign "^4.1.1"
    react-is "^16.13.1"

react-is@^16.13.1, react-is@^16.7.0:
  version "16.13.1"
  resolved "https://registry.yarnpkg.com/react-is/-/react-is-16.13.1.tgz#789729a4dc36de2999dc156dd6c1d9c18cea56a4"
  integrity sha512-24e6ynE2H+OKt4kqsOvNd8kBpV65zoxbA4BVsEOB3ARVWQki/DHzaUoC5KuON/BiccDaCCTZBuOcfZs70kR8bQ==

react-is@^17.0.2:
  version "17.0.2"
  resolved "https://registry.yarnpkg.com/react-is/-/react-is-17.0.2.tgz#e691d4a8e9c789365655539ab372762b0efb54f0"
  integrity sha512-w2GsyukL62IJnlaff/nRegPQR94C/XXamvMWmSHRJ4y7Ts/4ocGRmTHvOs8PSE6pB3dWOrD/nueuU5sduBsQ4w==

react-transition-group@^4.4.2:
  version "4.4.2"
  resolved "https://registry.yarnpkg.com/react-transition-group/-/react-transition-group-4.4.2.tgz#8b59a56f09ced7b55cbd53c36768b922890d5470"
  integrity sha512-/RNYfRAMlZwDSr6z4zNKV6xu53/e2BuaBbGhbyYIXTrmgu/bGHzmqOs7mJSJBHy9Ud+ApHx3QjrkKSp1pxvlFg==
  dependencies:
    "@babel/runtime" "^7.5.5"
    dom-helpers "^5.0.1"
    loose-envify "^1.4.0"
    prop-types "^15.6.2"

regenerator-runtime@^0.13.4:
  version "0.13.9"
  resolved "https://registry.yarnpkg.com/regenerator-runtime/-/regenerator-runtime-0.13.9.tgz#8925742a98ffd90814988d7566ad30ca3b263b52"
  integrity sha512-p3VT+cOEgxFsRRA9X4lkI1E+k2/CtnKtU4gcxyaCUreilL/vqI6CdZ3wxVUx3UOUg+gnUOQQcRI7BmSI656MYA==
